{
  "version": 4,
  "terraform_version": "1.9.8",
  "serial": 10,
  "lineage": "2f84ec5b-bea0-97aa-a8d4-114f085fe7fd",
  "outputs": {
    "kms_key_id": {
      "value": "038deea6-b803-457b-b5f4-f7df3e9f744a",
      "type": "string"
    }
  },
  "resources": [
    {
      "module": "module.base",
      "mode": "managed",
      "type": "aws_iam_role",
      "name": "service_role",
      "provider": "module.base.provider[\"registry.terraform.io/hashicorp/aws\"]",
      "instances": [
        {
          "status": "tainted",
          "schema_version": 0,
          "attributes": {
            "arn": "arn:aws:iam::211756558615:role/go-infra-provisioner-service-role",
            "assume_role_policy": "{\"Statement\":[{\"Action\":\"sts:AssumeRole\",\"Effect\":\"Allow\",\"Principal\":{\"Service\":[\"ec2.amazonaws.com\",\"s3.amazonaws.com\"]}}],\"Version\":\"2012-10-17\"}",
            "create_date": "2024-11-07T20:12:48Z",
            "description": "",
            "force_detach_policies": false,
            "id": "go-infra-provisioner-service-role",
            "inline_policy": [],
            "managed_policy_arns": [],
            "max_session_duration": 3600,
            "name": "go-infra-provisioner-service-role",
            "name_prefix": "",
            "path": "/",
            "permissions_boundary": "",
            "tags": {
              "Environment": "dev",
              "Project": "go-infra-provisioner"
            },
            "tags_all": {
              "Environment": "dev",
              "Project": "go-infra-provisioner"
            },
            "unique_id": "AROATCTNMVELUQVORLHZ3"
          },
          "sensitive_attributes": [],
          "private": "bnVsbA=="
        }
      ]
    },
    {
      "module": "module.base",
      "mode": "managed",
      "type": "aws_kms_key",
      "name": "main",
      "provider": "module.base.provider[\"registry.terraform.io/hashicorp/aws\"]",
      "instances": [
        {
          "schema_version": 0,
          "attributes": {
            "arn": "arn:aws:kms:us-east-1:211756558615:key/038deea6-b803-457b-b5f4-f7df3e9f744a",
            "bypass_policy_lockout_safety_check": false,
            "custom_key_store_id": "",
            "customer_master_key_spec": "SYMMETRIC_DEFAULT",
            "deletion_window_in_days": 7,
            "description": "go-infra-provisioner encryption key",
            "enable_key_rotation": true,
            "id": "038deea6-b803-457b-b5f4-f7df3e9f744a",
            "is_enabled": true,
            "key_id": "038deea6-b803-457b-b5f4-f7df3e9f744a",
            "key_usage": "ENCRYPT_DECRYPT",
            "multi_region": false,
            "policy": "{\"Id\":\"key-default-1\",\"Statement\":[{\"Action\":\"kms:*\",\"Effect\":\"Allow\",\"Principal\":{\"AWS\":\"arn:aws:iam::211756558615:root\"},\"Resource\":\"*\",\"Sid\":\"Enable IAM User Permissions\"}],\"Version\":\"2012-10-17\"}",
            "rotation_period_in_days": 365,
            "tags": {
              "Environment": "dev",
              "Project": "go-infra-provisioner"
            },
            "tags_all": {
              "Environment": "dev",
              "Project": "go-infra-provisioner"
            },
            "timeouts": null,
            "xks_key_id": ""
          },
          "sensitive_attributes": [],
          "private": "eyJlMmJmYjczMC1lY2FhLTExZTYtOGY4OC0zNDM2M2JjN2M0YzAiOnsiY3JlYXRlIjoxMjAwMDAwMDAwMDB9fQ=="
        }
      ]
    }
  ],
  "check_results": null
}
